# THIS IS AN AUTOGENERATED FILE. DO NOT EDIT THIS FILE DIRECTLY.
# yarn lockfile v1


"cookie-storage@^6.1.0":
  "integrity" "sha512-HeVqbVy8BjXhAAuFtL6MTG+witHoLbxfky2jgVh9FmxmyL6IKa9gSSyPNjevXCCCxPu6Tzd9J8+eXTRQzYU/cg=="
  "resolved" "https://registry.npmjs.org/cookie-storage/-/cookie-storage-6.1.0.tgz"
  "version" "6.1.0"

"copy-text-to-clipboard@^3.0.1":
  "integrity" "sha512-rvVsHrpFcL4F2P8ihsoLdFHmd404+CMg71S756oRSeQgqk51U3kicGdnvfkrxva0xXH92SjGS62B0XIJsbh+9Q=="
  "resolved" "https://registry.npmjs.org/copy-text-to-clipboard/-/copy-text-to-clipboard-3.0.1.tgz"
  "version" "3.0.1"

"core-js@^3.11.0":
  "integrity" "sha512-nuqhq11DcOAbFBV4zCbKeGbKQsUDRqTX0oqx7AttUBuqe3h20ixsE039QHelbL6P4h+9kytVqyEtyZ6gsiwEYw=="
  "resolved" "https://registry.npmjs.org/core-js/-/core-js-3.20.2.tgz"
  "version" "3.20.2"

"crypto-js@^4.0.0":
  "integrity" "sha512-o2JlM7ydqd3Qk9CA0L4NL6mTzU2sdx96a+oOfPu8Mkl/PK51vSyoi8/rQ8NknZtk44vq15lmhAj9CIAGwgeWKw=="
  "resolved" "https://registry.npmjs.org/crypto-js/-/crypto-js-4.1.1.tgz"
  "version" "4.1.1"

"js-audio-recorder@^1.0.7":
  "integrity" "sha512-JiDODCElVHGrFyjGYwYyNi7zCbKk9va9C77w+zCPMmi4C6ix7zsX2h3ddHugmo4dOTOTCym9++b/wVW9nC0IaA=="
  "resolved" "https://registry.npmjs.org/js-audio-recorder/-/js-audio-recorder-1.0.7.tgz"
  "version" "1.0.7"

"moment@^2.29.1":
  "integrity" "sha512-kHmoybcPV8Sqy59DwNDY3Jefr64lK/by/da0ViFcuA4DH0vQg5Q6Ze5VimxkfQNSC+Mls/Kx53s7TjP1RhFEDQ=="
  "resolved" "https://registry.npmjs.org/moment/-/moment-2.29.1.tgz"
  "version" "2.29.1"

"mutation-observer@^1.0.3":
  "integrity" "sha512-M/O/4rF2h776hV7qGMZUH3utZLO/jK7p8rnNgGkjKUw8zCGjRQPxB8z6+5l8+VjRUQ3dNYu4vjqXYLr+U8ZVNA=="
  "resolved" "https://registry.npmjs.org/mutation-observer/-/mutation-observer-1.0.3.tgz"
  "version" "1.0.3"

"vconsole@^3.7.0":
  "integrity" "sha512-DZ6WrSy+5ep11FWxq89DHv8we83rCCrGZaZqlHEXZ+wCvivFd6kfo8OizIP5iQZ0Ynf8Qxj3UfnilFp4HtTVcA=="
  "resolved" "https://registry.npmjs.org/vconsole/-/vconsole-3.11.0.tgz"
  "version" "3.11.0"
  dependencies:
    "cookie-storage" "^6.1.0"
    "copy-text-to-clipboard" "^3.0.1"
    "core-js" "^3.11.0"
    "mutation-observer" "^1.0.3"

"vue-jsonp@^2.0.0":
  "integrity" "sha512-Mzd9GNeuKP5hHFDWZNMWOsCuMILSkA6jo2l4A02wheFz3qqBzH7aSEFTey1BRCZCLizlaf1EqJ5YUtF392KspA=="
  "resolved" "https://registry.npmjs.org/vue-jsonp/-/vue-jsonp-2.0.0.tgz"
  "version" "2.0.0"
